{
  "originHash" : "a988ea6f7c616eabe1200931db51c6acefd48fe6758defea5a187465b7374a5d",
  "pins" : [
    {
      "identity" : "keychain-swift",
      "kind" : "remoteSourceControl",
      "location" : "https://github.com/evgenyneu/keychain-swift.git",
      "state" : {
        "revision" : "5e1b02b6a9dac2a759a1d5dbc175c86bd192a608",
        "version" : "24.0.0"
      }
    },
    {
      "identity" : "macaw",
      "kind" : "remoteSourceControl",
      "location" : "https://github.com/exyte/Macaw.git",
      "state" : {
        "revision" : "29ec199cbc9c814f8ceffc1a33b8775b7349dcdd",
        "version" : "0.9.10"
      }
    },
    {
      "identity" : "mapkit-ios",
      "kind" : "remoteSourceControl",
      "location" : "https://github.com/yandex/mapkit-ios",
      "state" : {
        "revision" : "f19a95e8035b5d82e69a8e0cd7edb51a377c122b",
        "version" : "4.14.1"
      }
    },
    {
      "identity" : "phonenumberkit",
      "kind" : "remoteSourceControl",
      "location" : "https://github.com/marmelroy/PhoneNumberKit.git",
      "state" : {
        "revision" : "288b99e9e99926bc8be41220802df83c059fac9b",
        "version" : "4.0.2"
      }
    },
    {
      "identity" : "sdwebimage",
      "kind" : "remoteSourceControl",
      "location" : "https://github.com/SDWebImage/SDWebImage.git",
      "state" : {
        "revision" : "cac9a55a3ae92478a2c95042dcc8d9695d2129ca",
        "version" : "5.21.0"
      }
    },
    {
      "identity" : "sdwebimageswiftui",
      "kind" : "remoteSourceControl",
      "location" : "https://github.com/SDWebImage/SDWebImageSwiftUI.git",
      "state" : {
        "revision" : "451c6dfd5ecec2cf626d1d9ca81c2d4a60355172",
        "version" : "3.1.3"
      }
    },
    {
      "identity" : "swxmlhash",
      "kind" : "remoteSourceControl",
      "location" : "https://github.com/drmohundro/SWXMLHash",
      "state" : {
        "revision" : "6469881a3f30417c5bb02404ea4b69207f297592",
        "version" : "6.0.0"
      }
    }
  ],
  "version" : 3
}
